
Microsoft Visual Studio Solution File, Format Version 12.00
# Visual Studio Version 17
VisualStudioVersion = 17.1.32228.430
MinimumVisualStudioVersion = 10.0.40219.1
Project("{2150E333-8FDC-42A3-9474-1A3956D46DE8}") = "Solution Items", "Solution Items", "{EE0B2A29-642D-4AC1-9CBB-8E8BF7292AFE}"
	ProjectSection(SolutionItems) = preProject
		Docs\Diary.md = Docs\Diary.md
		README.md = README.md
	EndProjectSection
EndProject
Project("{FAE04EC0-301F-11D3-BF4B-00C04F79EFBC}") = "StarPost.Persistence", "Src\StarPost.Persistence\StarPost.Persistence.csproj", "{DBEB0B1F-99C4-40F0-A43C-08D10CEEFF8E}"
EndProject
Project("{FAE04EC0-301F-11D3-BF4B-00C04F79EFBC}") = "StarPost.Integration.LinkedIn", "Src\StarPost.Integration.LinkedIn\StarPost.Integration.LinkedIn.csproj", "{B347145D-E802-4677-8B16-3594ED4B6BB5}"
EndProject
Project("{2150E333-8FDC-42A3-9474-1A3956D46DE8}") = "Src", "Src", "{4134B57E-9C06-4DA5-9C48-8D611E9A9727}"
EndProject
Project("{2150E333-8FDC-42A3-9474-1A3956D46DE8}") = "Tests", "Tests", "{F18047EE-619F-4BD5-AE21-FA2B8110E7E3}"
EndProject
Project("{FAE04EC0-301F-11D3-BF4B-00C04F79EFBC}") = "StarPost.Tests.Common", "Tests\StarPost.Tests.Common\StarPost.Tests.Common.csproj", "{5352B0E6-59B9-4235-8676-143526691413}"
EndProject
Project("{FAE04EC0-301F-11D3-BF4B-00C04F79EFBC}") = "StarPost.Persistence.Tests", "Tests\StarPost.Persistence.Tests\StarPost.Persistence.Tests.csproj", "{9D492D88-BC3F-499B-A56A-9BA5A1710BC1}"
EndProject
Project("{FAE04EC0-301F-11D3-BF4B-00C04F79EFBC}") = "StarPost.Integrations.LinkedIn.Tests", "Tests\StarPost.Integrations.LinkedIn.Tests\StarPost.Integrations.LinkedIn.Tests.csproj", "{F7BF25CE-6A66-48D7-B115-131D4CCC1943}"
EndProject
Project("{FAE04EC0-301F-11D3-BF4B-00C04F79EFBC}") = "StarPost.Domain.Posts.Tests", "Tests\StarPost.Domain.Posts.Tests\StarPost.Domain.Posts.Tests.csproj", "{38ECF0C9-9F3F-4C4D-BAA5-FBEECB744E3F}"
EndProject
Project("{9A19103F-16F7-4668-BE54-9A1E7A4F7556}") = "StarPost.Domain.Posts", "Src\StarPost.Domain.Posts\StarPost.Domain.Posts.csproj", "{13E9E75D-97B2-4FC5-B583-2BD51C179C07}"
EndProject
Project("{2150E333-8FDC-42A3-9474-1A3956D46DE8}") = "Examples", "Examples", "{5DD9CA00-9985-4186-9A10-02685D729D96}"
	ProjectSection(SolutionItems) = preProject
		Docs\Examples\ReadMe.md = Docs\Examples\ReadMe.md
	EndProjectSection
EndProject
Project("{FAE04EC0-301F-11D3-BF4B-00C04F79EFBC}") = "StarPost.LinkedIn.Client", "Src\StarPost.LinkedIn.Client\StarPost.LinkedIn.Client.csproj", "{EF747BDC-F35F-4E5C-9772-46E8E91FDAD2}"
EndProject
Project("{FAE04EC0-301F-11D3-BF4B-00C04F79EFBC}") = "StarPost.LinkedIn.Client.Tests", "Tests\StarPost.LinkedIn.Client.Tests\StarPost.LinkedIn.Client.Tests.csproj", "{C2B77E1F-D23B-4CF2-90F3-846AEF58D5D9}"
EndProject
Global
	GlobalSection(SolutionConfigurationPlatforms) = preSolution
		Debug|Any CPU = Debug|Any CPU
		Release|Any CPU = Release|Any CPU
	EndGlobalSection
	GlobalSection(ProjectConfigurationPlatforms) = postSolution
		{DBEB0B1F-99C4-40F0-A43C-08D10CEEFF8E}.Debug|Any CPU.ActiveCfg = Debug|Any CPU
		{DBEB0B1F-99C4-40F0-A43C-08D10CEEFF8E}.Debug|Any CPU.Build.0 = Debug|Any CPU
		{DBEB0B1F-99C4-40F0-A43C-08D10CEEFF8E}.Release|Any CPU.ActiveCfg = Release|Any CPU
		{DBEB0B1F-99C4-40F0-A43C-08D10CEEFF8E}.Release|Any CPU.Build.0 = Release|Any CPU
		{B347145D-E802-4677-8B16-3594ED4B6BB5}.Debug|Any CPU.ActiveCfg = Debug|Any CPU
		{B347145D-E802-4677-8B16-3594ED4B6BB5}.Debug|Any CPU.Build.0 = Debug|Any CPU
		{B347145D-E802-4677-8B16-3594ED4B6BB5}.Release|Any CPU.ActiveCfg = Release|Any CPU
		{B347145D-E802-4677-8B16-3594ED4B6BB5}.Release|Any CPU.Build.0 = Release|Any CPU
		{5352B0E6-59B9-4235-8676-143526691413}.Debug|Any CPU.ActiveCfg = Debug|Any CPU
		{5352B0E6-59B9-4235-8676-143526691413}.Debug|Any CPU.Build.0 = Debug|Any CPU
		{5352B0E6-59B9-4235-8676-143526691413}.Release|Any CPU.ActiveCfg = Release|Any CPU
		{5352B0E6-59B9-4235-8676-143526691413}.Release|Any CPU.Build.0 = Release|Any CPU
		{9D492D88-BC3F-499B-A56A-9BA5A1710BC1}.Debug|Any CPU.ActiveCfg = Debug|Any CPU
		{9D492D88-BC3F-499B-A56A-9BA5A1710BC1}.Debug|Any CPU.Build.0 = Debug|Any CPU
		{9D492D88-BC3F-499B-A56A-9BA5A1710BC1}.Release|Any CPU.ActiveCfg = Release|Any CPU
		{9D492D88-BC3F-499B-A56A-9BA5A1710BC1}.Release|Any CPU.Build.0 = Release|Any CPU
		{F7BF25CE-6A66-48D7-B115-131D4CCC1943}.Debug|Any CPU.ActiveCfg = Debug|Any CPU
		{F7BF25CE-6A66-48D7-B115-131D4CCC1943}.Debug|Any CPU.Build.0 = Debug|Any CPU
		{F7BF25CE-6A66-48D7-B115-131D4CCC1943}.Release|Any CPU.ActiveCfg = Release|Any CPU
		{F7BF25CE-6A66-48D7-B115-131D4CCC1943}.Release|Any CPU.Build.0 = Release|Any CPU
		{38ECF0C9-9F3F-4C4D-BAA5-FBEECB744E3F}.Debug|Any CPU.ActiveCfg = Debug|Any CPU
		{38ECF0C9-9F3F-4C4D-BAA5-FBEECB744E3F}.Debug|Any CPU.Build.0 = Debug|Any CPU
		{38ECF0C9-9F3F-4C4D-BAA5-FBEECB744E3F}.Release|Any CPU.ActiveCfg = Release|Any CPU
		{38ECF0C9-9F3F-4C4D-BAA5-FBEECB744E3F}.Release|Any CPU.Build.0 = Release|Any CPU
		{13E9E75D-97B2-4FC5-B583-2BD51C179C07}.Debug|Any CPU.ActiveCfg = Debug|Any CPU
		{13E9E75D-97B2-4FC5-B583-2BD51C179C07}.Debug|Any CPU.Build.0 = Debug|Any CPU
		{13E9E75D-97B2-4FC5-B583-2BD51C179C07}.Release|Any CPU.ActiveCfg = Release|Any CPU
		{13E9E75D-97B2-4FC5-B583-2BD51C179C07}.Release|Any CPU.Build.0 = Release|Any CPU
		{EF747BDC-F35F-4E5C-9772-46E8E91FDAD2}.Debug|Any CPU.ActiveCfg = Debug|Any CPU
		{EF747BDC-F35F-4E5C-9772-46E8E91FDAD2}.Debug|Any CPU.Build.0 = Debug|Any CPU
		{EF747BDC-F35F-4E5C-9772-46E8E91FDAD2}.Release|Any CPU.ActiveCfg = Release|Any CPU
		{EF747BDC-F35F-4E5C-9772-46E8E91FDAD2}.Release|Any CPU.Build.0 = Release|Any CPU
		{C2B77E1F-D23B-4CF2-90F3-846AEF58D5D9}.Debug|Any CPU.ActiveCfg = Debug|Any CPU
		{C2B77E1F-D23B-4CF2-90F3-846AEF58D5D9}.Debug|Any CPU.Build.0 = Debug|Any CPU
		{C2B77E1F-D23B-4CF2-90F3-846AEF58D5D9}.Release|Any CPU.ActiveCfg = Release|Any CPU
		{C2B77E1F-D23B-4CF2-90F3-846AEF58D5D9}.Release|Any CPU.Build.0 = Release|Any CPU
	EndGlobalSection
	GlobalSection(SolutionProperties) = preSolution
		HideSolutionNode = FALSE
	EndGlobalSection
	GlobalSection(NestedProjects) = preSolution
		{DBEB0B1F-99C4-40F0-A43C-08D10CEEFF8E} = {4134B57E-9C06-4DA5-9C48-8D611E9A9727}
		{B347145D-E802-4677-8B16-3594ED4B6BB5} = {4134B57E-9C06-4DA5-9C48-8D611E9A9727}
		{5352B0E6-59B9-4235-8676-143526691413} = {F18047EE-619F-4BD5-AE21-FA2B8110E7E3}
		{9D492D88-BC3F-499B-A56A-9BA5A1710BC1} = {F18047EE-619F-4BD5-AE21-FA2B8110E7E3}
		{F7BF25CE-6A66-48D7-B115-131D4CCC1943} = {F18047EE-619F-4BD5-AE21-FA2B8110E7E3}
		{38ECF0C9-9F3F-4C4D-BAA5-FBEECB744E3F} = {F18047EE-619F-4BD5-AE21-FA2B8110E7E3}
		{13E9E75D-97B2-4FC5-B583-2BD51C179C07} = {4134B57E-9C06-4DA5-9C48-8D611E9A9727}
		{5DD9CA00-9985-4186-9A10-02685D729D96} = {EE0B2A29-642D-4AC1-9CBB-8E8BF7292AFE}
		{EF747BDC-F35F-4E5C-9772-46E8E91FDAD2} = {4134B57E-9C06-4DA5-9C48-8D611E9A9727}
		{C2B77E1F-D23B-4CF2-90F3-846AEF58D5D9} = {F18047EE-619F-4BD5-AE21-FA2B8110E7E3}
	EndGlobalSection
	GlobalSection(ExtensibilityGlobals) = postSolution
		SolutionGuid = {8F1F844B-28BA-44C2-B3B1-7DDB50D980BA}
	EndGlobalSection
EndGlobal
